// !$*UTF8*$!
{
	archiveVersion = 1;
	classes = {
	};
	objectVersion = 46;
	objects = {

/* Begin PBXBuildFile section */
		82021F811A39F22100D4D7EB /* main.m in Sources */ = {isa = PBXBuildFile; fileRef = 82021F801A39F22100D4D7EB /* main.m */; };
		82021F841A39F22100D4D7EB /* AppDelegate.m in Sources */ = {isa = PBXBuildFile; fileRef = 82021F831A39F22100D4D7EB /* AppDelegate.m */; };
		82021F871A39F22100D4D7EB /* FirstViewController.m in Sources */ = {isa = PBXBuildFile; fileRef = 82021F861A39F22100D4D7EB /* FirstViewController.m */; };
		82021F8A1A39F22100D4D7EB /* SecondViewController.m in Sources */ = {isa = PBXBuildFile; fileRef = 82021F891A39F22100D4D7EB /* SecondViewController.m */; };
		82021F8D1A39F22100D4D7EB /* Main.storyboard in Resources */ = {isa = PBXBuildFile; fileRef = 82021F8B1A39F22100D4D7EB /* Main.storyboard */; };
		82021F8F1A39F22100D4D7EB /* Images.xcassets in Resources */ = {isa = PBXBuildFile; fileRef = 82021F8E1A39F22100D4D7EB /* Images.xcassets */; };
		82021F921A39F22100D4D7EB /* LaunchScreen.xib in Resources */ = {isa = PBXBuildFile; fileRef = 82021F901A39F22100D4D7EB /* LaunchScreen.xib */; };
		82021F9E1A39F22100D4D7EB /* OIS_dn4Tests.m in Sources */ = {isa = PBXBuildFile; fileRef = 82021F9D1A39F22100D4D7EB /* OIS_dn4Tests.m */; };
		82021FA81A3C50A600D4D7EB /* HealthKit.framework in Frameworks */ = {isa = PBXBuildFile; fileRef = 82021FA71A3C50A600D4D7EB /* HealthKit.framework */; };
/* End PBXBuildFile section */

/* Begin PBXContainerItemProxy section */
		82021F981A39F22100D4D7EB /* PBXContainerItemProxy */ = {
			isa = PBXContainerItemProxy;
			containerPortal = 82021F731A39F22100D4D7EB /* Project object */;
			proxyType = 1;
			remoteGlobalIDString = 82021F7A1A39F22100D4D7EB;
			remoteInfo = "OIS-dn4";
		};
/* End PBXContainerItemProxy section */

/* Begin PBXFileReference section */
		82021F7B1A39F22100D4D7EB /* OIS-dn4.app */ = {isa = PBXFileReference; explicitFileType = wrapper.application; includeInIndex = 0; path = "OIS-dn4.app"; sourceTree = BUILT_PRODUCTS_DIR; };
		82021F7F1A39F22100D4D7EB /* Info.plist */ = {isa = PBXFileReference; lastKnownFileType = text.plist.xml; path = Info.plist; sourceTree = "<group>"; };
		82021F801A39F22100D4D7EB /* main.m */ = {isa = PBXFileReference; lastKnownFileType = sourcecode.c.objc; path = main.m; sourceTree = "<group>"; };
		82021F821A39F22100D4D7EB /* AppDelegate.h */ = {isa = PBXFileReference; lastKnownFileType = sourcecode.c.h; path = AppDelegate.h; sourceTree = "<group>"; };
		82021F831A39F22100D4D7EB /* AppDelegate.m */ = {isa = PBXFileReference; lastKnownFileType = sourcecode.c.objc; path = AppDelegate.m; sourceTree = "<group>"; };
		82021F851A39F22100D4D7EB /* FirstViewController.h */ = {isa = PBXFileReference; lastKnownFileType = sourcecode.c.h; path = FirstViewController.h; sourceTree = "<group>"; };
		82021F861A39F22100D4D7EB /* FirstViewController.m */ = {isa = PBXFileReference; lastKnownFileType = sourcecode.c.objc; path = FirstViewController.m; sourceTree = "<group>"; };
		82021F881A39F22100D4D7EB /* SecondViewController.h */ = {isa = PBXFileReference; lastKnownFileType = sourcecode.c.h; path = SecondViewController.h; sourceTree = "<group>"; };
		82021F891A39F22100D4D7EB /* SecondViewController.m */ = {isa = PBXFileReference; lastKnownFileType = sourcecode.c.objc; path = SecondViewController.m; sourceTree = "<group>"; };
		82021F8C1A39F22100D4D7EB /* Base */ = {isa = PBXFileReference; lastKnownFileType = file.storyboard; name = Base; path = Base.lproj/Main.storyboard; sourceTree = "<group>"; };
		82021F8E1A39F22100D4D7EB /* Images.xcassets */ = {isa = PBXFileReference; lastKnownFileType = folder.assetcatalog; path = Images.xcassets; sourceTree = "<group>"; };
		82021F911A39F22100D4D7EB /* Base */ = {isa = PBXFileReference; lastKnownFileType = file.xib; name = Base; path = Base.lproj/LaunchScreen.xib; sourceTree = "<group>"; };
		82021F971A39F22100D4D7EB /* OIS-dn4Tests.xctest */ = {isa = PBXFileReference; explicitFileType = wrapper.cfbundle; includeInIndex = 0; path = "OIS-dn4Tests.xctest"; sourceTree = BUILT_PRODUCTS_DIR; };
		82021F9C1A39F22100D4D7EB /* Info.plist */ = {isa = PBXFileReference; lastKnownFileType = text.plist.xml; path = Info.plist; sourceTree = "<group>"; };
		82021F9D1A39F22100D4D7EB /* OIS_dn4Tests.m */ = {isa = PBXFileReference; lastKnownFileType = sourcecode.c.objc; path = OIS_dn4Tests.m; sourceTree = "<group>"; };
		82021FA71A3C50A600D4D7EB /* HealthKit.framework */ = {isa = PBXFileReference; lastKnownFileType = wrapper.framework; name = HealthKit.framework; path = System/Library/Frameworks/HealthKit.framework; sourceTree = SDKROOT; };
		82021FA91A3C50A600D4D7EB /* OIS-dn4.entitlements */ = {isa = PBXFileReference; lastKnownFileType = text.xml; path = "OIS-dn4.entitlements"; sourceTree = "<group>"; };
/* End PBXFileReference section */

/* Begin PBXFrameworksBuildPhase section */
		82021F781A39F22100D4D7EB /* Frameworks */ = {
			isa = PBXFrameworksBuildPhase;
			buildActionMask = 2147483647;
			files = (
				82021FA81A3C50A600D4D7EB /* HealthKit.framework in Frameworks */,
			);
			runOnlyForDeploymentPostprocessing = 0;
		};
		82021F941A39F22100D4D7EB /* Frameworks */ = {
			isa = PBXFrameworksBuildPhase;
			buildActionMask = 2147483647;
			files = (
			);
			runOnlyForDeploymentPostprocessing = 0;
		};
/* End PBXFrameworksBuildPhase section */

/* Begin PBXGroup section */
		82021F721A39F22100D4D7EB = {
			isa = PBXGroup;
			children = (
				82021F7D1A39F22100D4D7EB /* OIS-dn4 */,
				82021F9A1A39F22100D4D7EB /* OIS-dn4Tests */,
				82021F7C1A39F22100D4D7EB /* Products */,
			);
			sourceTree = "<group>";
		};
		82021F7C1A39F22100D4D7EB /* Products */ = {
			isa = PBXGroup;
			children = (
				82021F7B1A39F22100D4D7EB /* OIS-dn4.app */,
				82021F971A39F22100D4D7EB /* OIS-dn4Tests.xctest */,
			);
			name = Products;
			sourceTree = "<group>";
		};
		82021F7D1A39F22100D4D7EB /* OIS-dn4 */ = {
			isa = PBXGroup;
			children = (
				82021F821A39F22100D4D7EB /* AppDelegate.h */,
				82021F831A39F22100D4D7EB /* AppDelegate.m */,
				82021F851A39F22100D4D7EB /* FirstViewController.h */,
				82021F861A39F22100D4D7EB /* FirstViewController.m */,
				82021F881A39F22100D4D7EB /* SecondViewController.h */,
				82021F891A39F22100D4D7EB /* SecondViewController.m */,
				82021F8B1A39F22100D4D7EB /* Main.storyboard */,
				82021F8E1A39F22100D4D7EB /* Images.xcassets */,
				82021F901A39F22100D4D7EB /* LaunchScreen.xib */,
				82021F7E1A39F22100D4D7EB /* Supporting Files */,
			);
			path = "OIS-dn4";
			sourceTree = "<group>";
		};
		82021F7E1A39F22100D4D7EB /* Supporting Files */ = {
			isa = PBXGroup;
			children = (
				82021FA91A3C50A600D4D7EB /* OIS-dn4.entitlements */,
				82021FA71A3C50A600D4D7EB /* HealthKit.framework */,
				82021F7F1A39F22100D4D7EB /* Info.plist */,
				82021F801A39F22100D4D7EB /* main.m */,
			);
			name = "Supporting Files";
			sourceTree = "<group>";
		};
		82021F9A1A39F22100D4D7EB /* OIS-dn4Tests */ = {
			isa = PBXGroup;
			children = (
				82021F9D1A39F22100D4D7EB /* OIS_dn4Tests.m */,
				82021F9B1A39F22100D4D7EB /* Supporting Files */,
			);
			path = "OIS-dn4Tests";
			sourceTree = "<group>";
		};
		82021F9B1A39F22100D4D7EB /* Supporting Files */ = {
			isa = PBXGroup;
			children = (
				82021F9C1A39F22100D4D7EB /* Info.plist */,
			);
			name = "Supporting Files";
			sourceTree = "<group>";
		};
/* End PBXGroup section */

/* Begin PBXNativeTarget section */
		82021F7A1A39F22100D4D7EB /* OIS-dn4 */ = {
			isa = PBXNativeTarget;
			buildConfigurationList = 82021FA11A39F22100D4D7EB /* Build configuration list for PBXNativeTarget "OIS-dn4" */;
			buildPhases = (
				82021F771A39F22100D4D7EB /* Sources */,
				82021F781A39F22100D4D7EB /* Frameworks */,
				82021F791A39F22100D4D7EB /* Resources */,
			);
			buildRules = (
			);
			dependencies = (
			);
			name = "OIS-dn4";
			productName = "OIS-dn4";
			productReference = 82021F7B1A39F22100D4D7EB /* OIS-dn4.app */;
			productType = "com.apple.product-type.application";
		};
		82021F961A39F22100D4D7EB /* OIS-dn4Tests */ = {
			isa = PBXNativeTarget;
			buildConfigurationList = 82021FA41A39F22100D4D7EB /* Build configuration list for PBXNativeTarget "OIS-dn4Tests" */;
			buildPhases = (
				82021F931A39F22100D4D7EB /* Sources */,
				82021F941A39F22100D4D7EB /* Frameworks */,
				82021F951A39F22100D4D7EB /* Resources */,
			);
			buildRules = (
			);
			dependencies = (
				82021F991A39F22100D4D7EB /* PBXTargetDependency */,
			);
			name = "OIS-dn4Tests";
			productName = "OIS-dn4Tests";
			productReference = 82021F971A39F22100D4D7EB /* OIS-dn4Tests.xctest */;
			productType = "com.apple.product-type.bundle.unit-test";
		};
/* End PBXNativeTarget section */

/* Begin PBXProject section */
		82021F731A39F22100D4D7EB /* Project object */ = {
			isa = PBXProject;
			attributes = {
				LastUpgradeCheck = 0610;
				ORGANIZATIONNAME = "Lonely Cappuccino";
				TargetAttributes = {
					82021F7A1A39F22100D4D7EB = {
						CreatedOnToolsVersion = 6.1.1;
						DevelopmentTeam = 7E24WZT4N3;
						SystemCapabilities = {
							com.apple.HealthKit = {
								enabled = 1;
							};
						};
					};
					82021F961A39F22100D4D7EB = {
						CreatedOnToolsVersion = 6.1.1;
						TestTargetID = 82021F7A1A39F22100D4D7EB;
					};
				};
			};
			buildConfigurationList = 82021F761A39F22100D4D7EB /* Build configuration list for PBXProject "OIS-dn4" */;
			compatibilityVersion = "Xcode 3.2";
			developmentRegion = English;
			hasScannedForEncodings = 0;
			knownRegions = (
				en,
				Base,
			);
			mainGroup = 82021F721A39F22100D4D7EB;
			productRefGroup = 82021F7C1A39F22100D4D7EB /* Products */;
			projectDirPath = "";
			projectRoot = "";
			targets = (
				82021F7A1A39F22100D4D7EB /* OIS-dn4 */,
				82021F961A39F22100D4D7EB /* OIS-dn4Tests */,
			);
		};
/* End PBXProject section */

/* Begin PBXResourcesBuildPhase section */
		82021F791A39F22100D4D7EB /* Resources */ = {
			isa = PBXResourcesBuildPhase;
			buildActionMask = 2147483647;
			files = (
				82021F8D1A39F22100D4D7EB /* Main.storyboard in Resources */,
				82021F921A39F22100D4D7EB /* LaunchScreen.xib in Resources */,
				82021F8F1A39F22100D4D7EB /* Images.xcassets in Resources */,
			);
			runOnlyForDeploymentPostprocessing = 0;
		};
		82021F951A39F22100D4D7EB /* Resources */ = {
			isa = PBXResourcesBuildPhase;
			buildActionMask = 2147483647;
			files = (
			);
			runOnlyForDeploymentPostprocessing = 0;
		};
/* End PBXResourcesBuildPhase section */

/* Begin PBXSourcesBuildPhase section */
		82021F771A39F22100D4D7EB /* Sources */ = {
			isa = PBXSourcesBuildPhase;
			buildActionMask = 2147483647;
			files = (
				82021F8A1A39F22100D4D7EB /* SecondViewController.m in Sources */,
				82021F841A39F22100D4D7EB /* AppDelegate.m in Sources */,
				82021F871A39F22100D4D7EB /* FirstViewController.m in Sources */,
				82021F811A39F22100D4D7EB /* main.m in Sources */,
			);
			runOnlyForDeploymentPostprocessing = 0;
		};
		82021F931A39F22100D4D7EB /* Sources */ = {
			isa = PBXSourcesBuildPhase;
			buildActionMask = 2147483647;
			files = (
				82021F9E1A39F22100D4D7EB /* OIS_dn4Tests.m in Sources */,
			);
			runOnlyForDeploymentPostprocessing = 0;
		};
/* End PBXSourcesBuildPhase section */

/* Begin PBXTargetDependency section */
		82021F991A39F22100D4D7EB /* PBXTargetDependency */ = {
			isa = PBXTargetDependency;
			target = 82021F7A1A39F22100D4D7EB /* OIS-dn4 */;
			targetProxy = 82021F981A39F22100D4D7EB /* PBXContainerItemProxy */;
		};
/* End PBXTargetDependency section */

/* Begin PBXVariantGroup section */
		82021F8B1A39F22100D4D7EB /* Main.storyboard */ = {
			isa = PBXVariantGroup;
			children = (
				82021F8C1A39F22100D4D7EB /* Base */,
			);
			name = Main.storyboard;
			sourceTree = "<group>";
		};
		82021F901A39F22100D4D7EB /* LaunchScreen.xib */ = {
			isa = PBXVariantGroup;
			children = (
				82021F911A39F22100D4D7EB /* Base */,
			);
			name = LaunchScreen.xib;
			sourceTree = "<group>";
		};
/* End PBXVariantGroup section */

/* Begin XCBuildConfiguration section */
		82021F9F1A39F22100D4D7EB /* Debug */ = {
			isa = XCBuildConfiguration;
			buildSettings = {
				ALWAYS_SEARCH_USER_PATHS = NO;
				CLANG_CXX_LANGUAGE_STANDARD = "gnu++0x";
				CLANG_CXX_LIBRARY = "libc++";
				CLANG_ENABLE_MODULES = YES;
				CLANG_ENABLE_OBJC_ARC = YES;
				CLANG_WARN_BOOL_CONVERSION = YES;
				CLANG_WARN_CONSTANT_CONVERSION = YES;
				CLANG_WARN_DIRECT_OBJC_ISA_USAGE = YES_ERROR;
				CLANG_WARN_EMPTY_BODY = YES;
				CLANG_WARN_ENUM_CONVERSION = YES;
				CLANG_WARN_INT_CONVERSION = YES;
				CLANG_WARN_OBJC_ROOT_CLASS = YES_ERROR;
				CLANG_WARN_UNREACHABLE_CODE = YES;
				CLANG_WARN__DUPLICATE_METHOD_MATCH = YES;
				"CODE_SIGN_IDENTITY[sdk=iphoneos*]" = "iPhone Developer";
				COPY_PHASE_STRIP = NO;
				ENABLE_STRICT_OBJC_MSGSEND = YES;
				GCC_C_LANGUAGE_STANDARD = gnu99;
				GCC_DYNAMIC_NO_PIC = NO;
				GCC_OPTIMIZATION_LEVEL = 0;
				GCC_PREPROCESSOR_DEFINITIONS = (
					"DEBUG=1",
					"$(inherited)",
				);
				GCC_SYMBOLS_PRIVATE_EXTERN = NO;
				GCC_WARN_64_TO_32_BIT_CONVERSION = YES;
				GCC_WARN_ABOUT_RETURN_TYPE = YES_ERROR;
				GCC_WARN_UNDECLARED_SELECTOR = YES;
				GCC_WARN_UNINITIALIZED_AUTOS = YES_AGGRESSIVE;
				GCC_WARN_UNUSED_FUNCTION = YES;
				GCC_WARN_UNUSED_VARIABLE = YES;
				IPHONEOS_DEPLOYMENT_TARGET = 8.1;
				MTL_ENABLE_DEBUG_INFO = YES;
				ONLY_ACTIVE_ARCH = YES;
				SDKROOT = iphoneos;
				TARGETED_DEVICE_FAMILY = "1,2";
			};
			name = Debug;
		};
		82021FA01A39F22100D4D7EB /* Release */ = {
			isa = XCBuildConfiguration;
			buildSettings = {
				ALWAYS_SEARCH_USER_PATHS = NO;
				CLANG_CXX_LANGUAGE_STANDARD = "gnu++0x";
				CLANG_CXX_LIBRARY = "libc++";
				CLANG_ENABLE_MODULES = YES;
				CLANG_ENABLE_OBJC_ARC = YES;
				CLANG_WARN_BOOL_CONVERSION = YES;
				CLANG_WARN_CONSTANT_CONVERSION = YES;
				CLANG_WARN_DIRECT_OBJC_ISA_USAGE = YES_ERROR;
				CLANG_WARN_EMPTY_BODY = YES;
				CLANG_WARN_ENUM_CONVERSION = YES;
				CLANG_WARN_INT_CONVERSION = YES;
				CLANG_WARN_OBJC_ROOT_CLASS = YES_ERROR;
				CLANG_WARN_UNREACHABLE_CODE = YES;
				CLANG_WARN__DUPLICATE_METHOD_MATCH = YES;
				"CODE_SIGN_IDENTITY[sdk=iphoneos*]" = "iPhone Developer";
				COPY_PHASE_STRIP = YES;
				ENABLE_NS_ASSERTIONS = NO;
				ENABLE_STRICT_OBJC_MSGSEND = YES;
				GCC_C_LANGUAGE_STANDARD = gnu99;
				GCC_WARN_64_TO_32_BIT_CONVERSION = YES;
				GCC_WARN_ABOUT_RETURN_TYPE = YES_ERROR;
				GCC_WARN_UNDECLARED_SELECTOR = YES;
				GCC_WARN_UNINITIALIZED_AUTOS = YES_AGGRESSIVE;
				GCC_WARN_UNUSED_FUNCTION = YES;
				GCC_WARN_UNUSED_VARIABLE = YES;
				IPHONEOS_DEPLOYMENT_TARGET = 8.1;
				MTL_ENABLE_DEBUG_INFO = NO;
				SDKROOT = iphoneos;
				TARGETED_DEVICE_FAMILY = "1,2";
				VALIDATE_PRODUCT = YES;
			};
			name = Release;
		};
		82021FA21A39F22100D4D7EB /* Debug */ = {
			isa = XCBuildConfiguration;
			buildSettings = {
				ASSETCATALOG_COMPILER_APPICON_NAME = AppIcon;
				CODE_SIGN_ENTITLEMENTS = "OIS-dn4/OIS-dn4.entitlements";
				CODE_SIGN_IDENTITY = "iPhone Developer";
				"CODE_SIGN_IDENTITY[sdk=iphoneos*]" = "iPhone Developer";
				INFOPLIST_FILE = "OIS-dn4/Info.plist";
				LD_RUNPATH_SEARCH_PATHS = "$(inherited) @executable_path/Frameworks";
				PRODUCT_NAME = "$(TARGET_NAME)";
				PROVISIONING_PROFILE = "";
			};
			name = Debug;
		};
		82021FA31A39F22100D4D7EB /* Release */ = {
			isa = XCBuildConfiguration;
			buildSettings = {
				ASSETCATALOG_COMPILER_APPICON_NAME = AppIcon;
				CODE_SIGN_ENTITLEMENTS = "OIS-dn4/OIS-dn4.entitlements";
				CODE_SIGN_IDENTITY = "iPhone Developer";
				"CODE_SIGN_IDENTITY[sdk=iphoneos*]" = "iPhone Developer";
				INFOPLIST_FILE = "OIS-dn4/Info.plist";
				LD_RUNPATH_SEARCH_PATHS = "$(inherited) @executable_path/Frameworks";
				PRODUCT_NAME = "$(TARGET_NAME)";
				PROVISIONING_PROFILE = "";
			};
			name = Release;
		};
		82021FA51A39F22100D4D7EB /* Debug */ = {
			isa = XCBuildConfiguration;
			buildSettings = {
				BUNDLE_LOADER = "$(TEST_HOST)";
				FRAMEWORK_SEARCH_PATHS = (
					"$(SDKROOT)/Developer/Library/Frameworks",
					"$(inherited)",
				);
				GCC_PREPROCESSOR_DEFINITIONS = (
					"DEBUG=1",
					"$(inherited)",
				);
				INFOPLIST_FILE = "OIS-dn4Tests/Info.plist";
				LD_RUNPATH_SEARCH_PATHS = "$(inherited) @executable_path/Frameworks @loader_path/Frameworks";
				PRODUCT_NAME = "$(TARGET_NAME)";
				TEST_HOST = "$(BUILT_PRODUCTS_DIR)/OIS-dn4.app/OIS-dn4";
			};
			name = Debug;
		};
		82021FA61A39F22100D4D7EB /* Release */ = {
			isa = XCBuildConfiguration;
			buildSettings = {
				BUNDLE_LOADER = "$(TEST_HOST)";
				FRAMEWORK_SEARCH_PATHS = (
					"$(SDKROOT)/Developer/Library/Frameworks",
					"$(inherited)",
				);
				INFOPLIST_FILE = "OIS-dn4Tests/Info.plist";
				LD_RUNPATH_SEARCH_PATHS = "$(inherited) @executable_path/Frameworks @loader_path/Frameworks";
				PRODUCT_NAME = "$(TARGET_NAME)";
				TEST_HOST = "$(BUILT_PRODUCTS_DIR)/OIS-dn4.app/OIS-dn4";
			};
			name = Release;
		};
/* End XCBuildConfiguration section */

/* Begin XCConfigurationList section */
		82021F761A39F22100D4D7EB /* Build configuration list for PBXProject "OIS-dn4" */ = {
			isa = XCConfigurationList;
			buildConfigurations = (
				82021F9F1A39F22100D4D7EB /* Debug */,
				82021FA01A39F22100D4D7EB /* Release */,
			);
			defaultConfigurationIsVisible = 0;
			defaultConfigurationName = Release;
		};
		82021FA11A39F22100D4D7EB /* Build configuration list for PBXNativeTarget "OIS-dn4" */ = {
			isa = XCConfigurationList;
			buildConfigurations = (
				82021FA21A39F22100D4D7EB /* Debug */,
				82021FA31A39F22100D4D7EB /* Release */,
			);
			defaultConfigurationIsVisible = 0;
		};
		82021FA41A39F22100D4D7EB /* Build configuration list for PBXNativeTarget "OIS-dn4Tests" */ = {
			isa = XCConfigurationList;
			buildConfigurations = (
				82021FA51A39F22100D4D7EB /* Debug */,
				82021FA61A39F22100D4D7EB /* Release */,
			);
			defaultConfigurationIsVisible = 0;
		};
/* End XCConfigurationList section */
	};
	rootObject = 82021F731A39F22100D4D7EB /* Project object */;
}
